
Microsoft Visual Studio Solution File, Format Version 12.00
# Visual Studio Version 17
VisualStudioVersion = 17.7.34024.191
MinimumVisualStudioVersion = 10.0.40219.1
Project("{FAE04EC0-301F-11D3-BF4B-00C04F79EFBC}") = "SpravaUkolu201123", "SpravaUkolu201123\SpravaUkolu201123.csproj", "{C93E9AE0-C49A-414B-A915-E41398DD3827}"
EndProject
Global
	GlobalSection(SolutionConfigurationPlatforms) = preSolution
		Debug|Any CPU = Debug|Any CPU
		Release|Any CPU = Release|Any CPU
	EndGlobalSection
	GlobalSection(ProjectConfigurationPlatforms) = postSolution
		{C93E9AE0-C49A-414B-A915-E41398DD3827}.Debug|Any CPU.ActiveCfg = Debug|Any CPU
		{C93E9AE0-C49A-414B-A915-E41398DD3827}.Debug|Any CPU.Build.0 = Debug|Any CPU
		{C93E9AE0-C49A-414B-A915-E41398DD3827}.Release|Any CPU.ActiveCfg = Release|Any CPU
		{C93E9AE0-C49A-414B-A915-E41398DD3827}.Release|Any CPU.Build.0 = Release|Any CPU
	EndGlobalSection
	GlobalSection(SolutionProperties) = preSolution
		HideSolutionNode = FALSE
	EndGlobalSection
	GlobalSection(ExtensibilityGlobals) = postSolution
		SolutionGuid = {DEBA4563-7CC8-4E7F-8A10-4C41A67BCE6A}
	EndGlobalSection
EndGlobal
