
Microsoft Visual Studio Solution File, Format Version 12.00
# Visual Studio Version 17
VisualStudioVersion = 17.7.34024.191
MinimumVisualStudioVersion = 10.0.40219.1
Project("{FAE04EC0-301F-11D3-BF4B-00C04F79EFBC}") = "SpravaZamestnancu_Singleton_Dedicnost", "SpravaZamestnancu_Singleton_Dedicnost\SpravaZamestnancu_Singleton_Dedicnost.csproj", "{D5CB22D8-D1BA-45B0-A769-4A0C18558F71}"
EndProject
Global
	GlobalSection(SolutionConfigurationPlatforms) = preSolution
		Debug|Any CPU = Debug|Any CPU
		Release|Any CPU = Release|Any CPU
	EndGlobalSection
	GlobalSection(ProjectConfigurationPlatforms) = postSolution
		{D5CB22D8-D1BA-45B0-A769-4A0C18558F71}.Debug|Any CPU.ActiveCfg = Debug|Any CPU
		{D5CB22D8-D1BA-45B0-A769-4A0C18558F71}.Debug|Any CPU.Build.0 = Debug|Any CPU
		{D5CB22D8-D1BA-45B0-A769-4A0C18558F71}.Release|Any CPU.ActiveCfg = Release|Any CPU
		{D5CB22D8-D1BA-45B0-A769-4A0C18558F71}.Release|Any CPU.Build.0 = Release|Any CPU
	EndGlobalSection
	GlobalSection(SolutionProperties) = preSolution
		HideSolutionNode = FALSE
	EndGlobalSection
	GlobalSection(ExtensibilityGlobals) = postSolution
		SolutionGuid = {BB308A92-81D0-452A-BC88-E2581A5DB4F3}
	EndGlobalSection
EndGlobal
